
Microsoft Visual Studio Solution File, Format Version 12.00
# Visual Studio Version 16
VisualStudioVersion = 16.0.29728.190
MinimumVisualStudioVersion = 10.0.40219.1
Project("{FAE04EC0-301F-11D3-BF4B-00C04F79EFBC}") = "SP54", "SP54\SP54.csproj", "{45B8DC61-5BAB-4334-97B5-DFC7D571E345}"
EndProject
Global
	GlobalSection(SolutionConfigurationPlatforms) = preSolution
		Debug|Any CPU = Debug|Any CPU
		Release|Any CPU = Release|Any CPU
	EndGlobalSection
	GlobalSection(ProjectConfigurationPlatforms) = postSolution
		{45B8DC61-5BAB-4334-97B5-DFC7D571E345}.Debug|Any CPU.ActiveCfg = Debug|Any CPU
		{45B8DC61-5BAB-4334-97B5-DFC7D571E345}.Debug|Any CPU.Build.0 = Debug|Any CPU
		{45B8DC61-5BAB-4334-97B5-DFC7D571E345}.Release|Any CPU.ActiveCfg = Release|Any CPU
		{45B8DC61-5BAB-4334-97B5-DFC7D571E345}.Release|Any CPU.Build.0 = Release|Any CPU
	EndGlobalSection
	GlobalSection(SolutionProperties) = preSolution
		HideSolutionNode = FALSE
	EndGlobalSection
	GlobalSection(ExtensibilityGlobals) = postSolution
		SolutionGuid = {C11E3E29-48A5-4179-8210-1157CF936A4D}
	EndGlobalSection
EndGlobal
